
Microsoft Visual Studio Solution File, Format Version 12.00
# Visual Studio Version 17
VisualStudioVersion = 17.0.31903.59
MinimumVisualStudioVersion = 10.0.40219.1
Project("{2150E333-8FDC-42A3-9474-1A3956D46DE8}") = "src", "src", "{827E0CD3-B72D-47B6-A68D-7590B98EB39B}"
EndProject
Project("{FAE04EC0-301F-11D3-BF4B-00C04F79EFBC}") = "MDNote.AddIn", "src\MDNote.AddIn\MDNote.AddIn.csproj", "{F15E6543-B0A7-441B-A81F-2C8B486EA8E9}"
EndProject
Project("{FAE04EC0-301F-11D3-BF4B-00C04F79EFBC}") = "MDNote.OneNote", "src\MDNote.OneNote\MDNote.OneNote.csproj", "{10BC3726-7F9D-44AB-9237-33CB95AACA6C}"
EndProject
Project("{FAE04EC0-301F-11D3-BF4B-00C04F79EFBC}") = "MDNote.Core", "src\MDNote.Core\MDNote.Core.csproj", "{CEC9BA00-C7A6-4950-AC49-780099093CB5}"
EndProject
Project("{2150E333-8FDC-42A3-9474-1A3956D46DE8}") = "tests", "tests", "{0AB3BF05-4346-4AA6-1389-037BE0695223}"
EndProject
Project("{FAE04EC0-301F-11D3-BF4B-00C04F79EFBC}") = "MDNote.Core.Tests", "tests\MDNote.Core.Tests\MDNote.Core.Tests.csproj", "{5517C5C3-61EC-4953-8574-986612718158}"
EndProject
Global
	GlobalSection(SolutionConfigurationPlatforms) = preSolution
		Debug|Any CPU = Debug|Any CPU
		Debug|x64 = Debug|x64
		Debug|x86 = Debug|x86
		Release|Any CPU = Release|Any CPU
		Release|x64 = Release|x64
		Release|x86 = Release|x86
	EndGlobalSection
	GlobalSection(ProjectConfigurationPlatforms) = postSolution
		{F15E6543-B0A7-441B-A81F-2C8B486EA8E9}.Debug|Any CPU.ActiveCfg = Debug|Any CPU
		{F15E6543-B0A7-441B-A81F-2C8B486EA8E9}.Debug|Any CPU.Build.0 = Debug|Any CPU
		{F15E6543-B0A7-441B-A81F-2C8B486EA8E9}.Debug|x64.ActiveCfg = Debug|Any CPU
		{F15E6543-B0A7-441B-A81F-2C8B486EA8E9}.Debug|x64.Build.0 = Debug|Any CPU
		{F15E6543-B0A7-441B-A81F-2C8B486EA8E9}.Debug|x86.ActiveCfg = Debug|Any CPU
		{F15E6543-B0A7-441B-A81F-2C8B486EA8E9}.Debug|x86.Build.0 = Debug|Any CPU
		{F15E6543-B0A7-441B-A81F-2C8B486EA8E9}.Release|Any CPU.ActiveCfg = Release|Any CPU
		{F15E6543-B0A7-441B-A81F-2C8B486EA8E9}.Release|Any CPU.Build.0 = Release|Any CPU
		{F15E6543-B0A7-441B-A81F-2C8B486EA8E9}.Release|x64.ActiveCfg = Release|Any CPU
		{F15E6543-B0A7-441B-A81F-2C8B486EA8E9}.Release|x64.Build.0 = Release|Any CPU
		{F15E6543-B0A7-441B-A81F-2C8B486EA8E9}.Release|x86.ActiveCfg = Release|Any CPU
		{F15E6543-B0A7-441B-A81F-2C8B486EA8E9}.Release|x86.Build.0 = Release|Any CPU
		{10BC3726-7F9D-44AB-9237-33CB95AACA6C}.Debug|Any CPU.ActiveCfg = Debug|Any CPU
		{10BC3726-7F9D-44AB-9237-33CB95AACA6C}.Debug|Any CPU.Build.0 = Debug|Any CPU
		{10BC3726-7F9D-44AB-9237-33CB95AACA6C}.Debug|x64.ActiveCfg = Debug|Any CPU
		{10BC3726-7F9D-44AB-9237-33CB95AACA6C}.Debug|x64.Build.0 = Debug|Any CPU
		{10BC3726-7F9D-44AB-9237-33CB95AACA6C}.Debug|x86.ActiveCfg = Debug|Any CPU
		{10BC3726-7F9D-44AB-9237-33CB95AACA6C}.Debug|x86.Build.0 = Debug|Any CPU
		{10BC3726-7F9D-44AB-9237-33CB95AACA6C}.Release|Any CPU.ActiveCfg = Release|Any CPU
		{10BC3726-7F9D-44AB-9237-33CB95AACA6C}.Release|Any CPU.Build.0 = Release|Any CPU
		{10BC3726-7F9D-44AB-9237-33CB95AACA6C}.Release|x64.ActiveCfg = Release|Any CPU
		{10BC3726-7F9D-44AB-9237-33CB95AACA6C}.Release|x64.Build.0 = Release|Any CPU
		{10BC3726-7F9D-44AB-9237-33CB95AACA6C}.Release|x86.ActiveCfg = Release|Any CPU
		{10BC3726-7F9D-44AB-9237-33CB95AACA6C}.Release|x86.Build.0 = Release|Any CPU
		{CEC9BA00-C7A6-4950-AC49-780099093CB5}.Debug|Any CPU.ActiveCfg = Debug|Any CPU
		{CEC9BA00-C7A6-4950-AC49-780099093CB5}.Debug|Any CPU.Build.0 = Debug|Any CPU
		{CEC9BA00-C7A6-4950-AC49-780099093CB5}.Debug|x64.ActiveCfg = Debug|Any CPU
		{CEC9BA00-C7A6-4950-AC49-780099093CB5}.Debug|x64.Build.0 = Debug|Any CPU
		{CEC9BA00-C7A6-4950-AC49-780099093CB5}.Debug|x86.ActiveCfg = Debug|Any CPU
		{CEC9BA00-C7A6-4950-AC49-780099093CB5}.Debug|x86.Build.0 = Debug|Any CPU
		{CEC9BA00-C7A6-4950-AC49-780099093CB5}.Release|Any CPU.ActiveCfg = Release|Any CPU
		{CEC9BA00-C7A6-4950-AC49-780099093CB5}.Release|Any CPU.Build.0 = Release|Any CPU
		{CEC9BA00-C7A6-4950-AC49-780099093CB5}.Release|x64.ActiveCfg = Release|Any CPU
		{CEC9BA00-C7A6-4950-AC49-780099093CB5}.Release|x64.Build.0 = Release|Any CPU
		{CEC9BA00-C7A6-4950-AC49-780099093CB5}.Release|x86.ActiveCfg = Release|Any CPU
		{CEC9BA00-C7A6-4950-AC49-780099093CB5}.Release|x86.Build.0 = Release|Any CPU
		{5517C5C3-61EC-4953-8574-986612718158}.Debug|Any CPU.ActiveCfg = Debug|Any CPU
		{5517C5C3-61EC-4953-8574-986612718158}.Debug|Any CPU.Build.0 = Debug|Any CPU
		{5517C5C3-61EC-4953-8574-986612718158}.Debug|x64.ActiveCfg = Debug|Any CPU
		{5517C5C3-61EC-4953-8574-986612718158}.Debug|x64.Build.0 = Debug|Any CPU
		{5517C5C3-61EC-4953-8574-986612718158}.Debug|x86.ActiveCfg = Debug|Any CPU
		{5517C5C3-61EC-4953-8574-986612718158}.Debug|x86.Build.0 = Debug|Any CPU
		{5517C5C3-61EC-4953-8574-986612718158}.Release|Any CPU.ActiveCfg = Release|Any CPU
		{5517C5C3-61EC-4953-8574-986612718158}.Release|Any CPU.Build.0 = Release|Any CPU
		{5517C5C3-61EC-4953-8574-986612718158}.Release|x64.ActiveCfg = Release|Any CPU
		{5517C5C3-61EC-4953-8574-986612718158}.Release|x64.Build.0 = Release|Any CPU
		{5517C5C3-61EC-4953-8574-986612718158}.Release|x86.ActiveCfg = Release|Any CPU
		{5517C5C3-61EC-4953-8574-986612718158}.Release|x86.Build.0 = Release|Any CPU
	EndGlobalSection
	GlobalSection(SolutionProperties) = preSolution
		HideSolutionNode = FALSE
	EndGlobalSection
	GlobalSection(NestedProjects) = preSolution
		{F15E6543-B0A7-441B-A81F-2C8B486EA8E9} = {827E0CD3-B72D-47B6-A68D-7590B98EB39B}
		{10BC3726-7F9D-44AB-9237-33CB95AACA6C} = {827E0CD3-B72D-47B6-A68D-7590B98EB39B}
		{CEC9BA00-C7A6-4950-AC49-780099093CB5} = {827E0CD3-B72D-47B6-A68D-7590B98EB39B}
		{5517C5C3-61EC-4953-8574-986612718158} = {0AB3BF05-4346-4AA6-1389-037BE0695223}
	EndGlobalSection
EndGlobal
